
Microsoft Visual Studio Solution File, Format Version 12.00
# Visual Studio Version 17
VisualStudioVersion = 17.0.32112.339
MinimumVisualStudioVersion = 10.0.40219.1
Project("{FAE04EC0-301F-11D3-BF4B-00C04F79EFBC}") = "Generic", "Generic\Generic.csproj", "{4EBAECDD-D02D-47B5-9650-CC59333A429A}"
EndProject
Global
	GlobalSection(SolutionConfigurationPlatforms) = preSolution
		Debug|Any CPU = Debug|Any CPU
		Release|Any CPU = Release|Any CPU
	EndGlobalSection
	GlobalSection(ProjectConfigurationPlatforms) = postSolution
		{4EBAECDD-D02D-47B5-9650-CC59333A429A}.Debug|Any CPU.ActiveCfg = Debug|Any CPU
		{4EBAECDD-D02D-47B5-9650-CC59333A429A}.Debug|Any CPU.Build.0 = Debug|Any CPU
		{4EBAECDD-D02D-47B5-9650-CC59333A429A}.Release|Any CPU.ActiveCfg = Release|Any CPU
		{4EBAECDD-D02D-47B5-9650-CC59333A429A}.Release|Any CPU.Build.0 = Release|Any CPU
	EndGlobalSection
	GlobalSection(SolutionProperties) = preSolution
		HideSolutionNode = FALSE
	EndGlobalSection
	GlobalSection(ExtensibilityGlobals) = postSolution
		SolutionGuid = {B9344924-F259-4F90-A447-D585D6A77FFA}
	EndGlobalSection
EndGlobal
